
Microsoft Visual Studio Solution File, Format Version 12.00
# Visual Studio Version 16
VisualStudioVersion = 16.0.29102.190
MinimumVisualStudioVersion = 10.0.40219.1
Project("{FAE04EC0-301F-11D3-BF4B-00C04F79EFBC}") = "Scrambler", "Scrambler\Scrambler.csproj", "{18DF5255-32A0-4100-B53A-8FC0CCE91FF1}"
EndProject
Project("{FAE04EC0-301F-11D3-BF4B-00C04F79EFBC}") = "ScramblerTests", "ScramblerTests\ScramblerTests.csproj", "{85819BA7-969B-4C44-A927-6DA70F04E979}"
EndProject
Global
	GlobalSection(SolutionConfigurationPlatforms) = preSolution
		Debug|Any CPU = Debug|Any CPU
		Release|Any CPU = Release|Any CPU
	EndGlobalSection
	GlobalSection(ProjectConfigurationPlatforms) = postSolution
		{18DF5255-32A0-4100-B53A-8FC0CCE91FF1}.Debug|Any CPU.ActiveCfg = Debug|Any CPU
		{18DF5255-32A0-4100-B53A-8FC0CCE91FF1}.Debug|Any CPU.Build.0 = Debug|Any CPU
		{18DF5255-32A0-4100-B53A-8FC0CCE91FF1}.Release|Any CPU.ActiveCfg = Release|Any CPU
		{18DF5255-32A0-4100-B53A-8FC0CCE91FF1}.Release|Any CPU.Build.0 = Release|Any CPU
		{85819BA7-969B-4C44-A927-6DA70F04E979}.Debug|Any CPU.ActiveCfg = Debug|Any CPU
		{85819BA7-969B-4C44-A927-6DA70F04E979}.Debug|Any CPU.Build.0 = Debug|Any CPU
		{85819BA7-969B-4C44-A927-6DA70F04E979}.Release|Any CPU.ActiveCfg = Release|Any CPU
		{85819BA7-969B-4C44-A927-6DA70F04E979}.Release|Any CPU.Build.0 = Release|Any CPU
	EndGlobalSection
	GlobalSection(SolutionProperties) = preSolution
		HideSolutionNode = FALSE
	EndGlobalSection
	GlobalSection(ExtensibilityGlobals) = postSolution
		SolutionGuid = {639B512D-B0DF-4C88-8E8B-2E96237CEAD2}
	EndGlobalSection
EndGlobal
